{
    "name": "scratch-tech-explorations",
    "lockfileVersion": 2,
    "requires": true,
    "packages": {
        "": {
            "dependencies": {
                "scratch-render-fonts": "1.0.0-prerelease.20221102164332"
            }
        },
        "node_modules/base64-loader": {
            "version": "1.0.0",
            "resolved": "https://registry.npmjs.org/base64-loader/-/base64-loader-1.0.0.tgz",
            "integrity": "sha512-p32+F8dg+ANGx7s8QsZS74ZPHfIycmC2yZcoerzFgbersIYWitPbbF39G6SBx3gyvzyLH5nt1ooocxr0IHuWKA=="
        },
        "node_modules/scratch-render-fonts": {
            "version": "1.0.0-prerelease.20221102164332",
            "resolved": "https://registry.npmjs.org/scratch-render-fonts/-/scratch-render-fonts-1.0.0-prerelease.20221102164332.tgz",
            "integrity": "sha512-22MbRDGUSArVEoHatg5rt7f/H0wWhMrcyN6HD0OQJeDqdlO3qSSX9/qvdzNJGYWwZkhrdJWcI5JGD1YuJfefmw==",
            "dependencies": {
                "base64-loader": "1.0.0"
            }
        }
    },
    "dependencies": {
        "base64-loader": {
            "version": "1.0.0",
            "resolved": "https://registry.npmjs.org/base64-loader/-/base64-loader-1.0.0.tgz",
            "integrity": "sha512-p32+F8dg+ANGx7s8QsZS74ZPHfIycmC2yZcoerzFgbersIYWitPbbF39G6SBx3gyvzyLH5nt1ooocxr0IHuWKA=="
        },
        "scratch-render-fonts": {
            "version": "1.0.0-prerelease.20221102164332",
            "resolved": "https://registry.npmjs.org/scratch-render-fonts/-/scratch-render-fonts-1.0.0-prerelease.20221102164332.tgz",
            "integrity": "sha512-22MbRDGUSArVEoHatg5rt7f/H0wWhMrcyN6HD0OQJeDqdlO3qSSX9/qvdzNJGYWwZkhrdJWcI5JGD1YuJfefmw==",
            "requires": {
                "base64-loader": "1.0.0"
            }
        }
    }
}
